// !$*UTF8*$!
{
	archiveVersion = 1;
	classes = {
	};
	objectVersion = 55;
	objects = {

/* Begin PBXBuildFile section */
		5A38FF4727F33C3B0033CAEA /* WebImageView.swift in Sources */ = {isa = PBXBuildFile; fileRef = 5A38FF4627F33C3B0033CAEA /* WebImageView.swift */; };
		5A7AE77027ECD5860098D462 /* AuthViewController.storyboard in Resources */ = {isa = PBXBuildFile; fileRef = 5A7AE76F27ECD5860098D462 /* AuthViewController.storyboard */; };
		5A7AE77827EDD1890098D462 /* NetworkService.swift in Sources */ = {isa = PBXBuildFile; fileRef = 5A7AE77727EDD1890098D462 /* NetworkService.swift */; };
		5A7AE77A27EDD2710098D462 /* API.swift in Sources */ = {isa = PBXBuildFile; fileRef = 5A7AE77927EDD2710098D462 /* API.swift */; };
		5A7AE77D27EDFD440098D462 /* FeedResponse.swift in Sources */ = {isa = PBXBuildFile; fileRef = 5A7AE77C27EDFD440098D462 /* FeedResponse.swift */; };
		5A7AE77F27EE0FBB0098D462 /* NetworkDataFetcher.swift in Sources */ = {isa = PBXBuildFile; fileRef = 5A7AE77E27EE0FBB0098D462 /* NetworkDataFetcher.swift */; };
		5A7AE78827EF56B50098D462 /* NewsfeedPresenter.swift in Sources */ = {isa = PBXBuildFile; fileRef = 5A7AE78127EF56B50098D462 /* NewsfeedPresenter.swift */; };
		5A7AE78927EF56B50098D462 /* NewsfeedWorker.swift in Sources */ = {isa = PBXBuildFile; fileRef = 5A7AE78227EF56B50098D462 /* NewsfeedWorker.swift */; };
		5A7AE78A27EF56B50098D462 /* NewsfeedRouter.swift in Sources */ = {isa = PBXBuildFile; fileRef = 5A7AE78327EF56B50098D462 /* NewsfeedRouter.swift */; };
		5A7AE78B27EF56B50098D462 /* NewsfeedModels.swift in Sources */ = {isa = PBXBuildFile; fileRef = 5A7AE78427EF56B50098D462 /* NewsfeedModels.swift */; };
		5A7AE78C27EF56B50098D462 /* NewsfeedViewController.swift in Sources */ = {isa = PBXBuildFile; fileRef = 5A7AE78527EF56B50098D462 /* NewsfeedViewController.swift */; };
		5A7AE78D27EF56B50098D462 /* NewsfeedInteractor.swift in Sources */ = {isa = PBXBuildFile; fileRef = 5A7AE78627EF56B50098D462 /* NewsfeedInteractor.swift */; };
		5A7AE79027EF5CF10098D462 /* NewsfeedViewController.storyboard in Resources */ = {isa = PBXBuildFile; fileRef = 5A7AE78F27EF5CF10098D462 /* NewsfeedViewController.storyboard */; };
		5A7AE79327F224690098D462 /* NewsfeedCell.swift in Sources */ = {isa = PBXBuildFile; fileRef = 5A7AE79227F224690098D462 /* NewsfeedCell.swift */; };
		5A7AE79527F224BA0098D462 /* NewsfeedCell.xib in Resources */ = {isa = PBXBuildFile; fileRef = 5A7AE79427F224BA0098D462 /* NewsfeedCell.xib */; };
		5AA8B33127F723A000B851F3 /* NewsfeedCellLayoutCalculator.swift in Sources */ = {isa = PBXBuildFile; fileRef = 5AA8B33027F723A000B851F3 /* NewsfeedCellLayoutCalculator.swift */; };
		5AF2396627ECAEAE00949896 /* AppDelegate.swift in Sources */ = {isa = PBXBuildFile; fileRef = 5AF2396527ECAEAE00949896 /* AppDelegate.swift */; };
		5AF2396827ECAEAE00949896 /* SceneDelegate.swift in Sources */ = {isa = PBXBuildFile; fileRef = 5AF2396727ECAEAE00949896 /* SceneDelegate.swift */; };
		5AF2396A27ECAEAE00949896 /* AuthViewController.swift in Sources */ = {isa = PBXBuildFile; fileRef = 5AF2396927ECAEAE00949896 /* AuthViewController.swift */; };
		5AF2396F27ECAEB000949896 /* Assets.xcassets in Resources */ = {isa = PBXBuildFile; fileRef = 5AF2396E27ECAEB000949896 /* Assets.xcassets */; };
		5AF2397227ECAEB000949896 /* LaunchScreen.storyboard in Resources */ = {isa = PBXBuildFile; fileRef = 5AF2397027ECAEB000949896 /* LaunchScreen.storyboard */; };
		5AF2397A27ECD31C00949896 /* AuthService.swift in Sources */ = {isa = PBXBuildFile; fileRef = 5AF2397927ECD31C00949896 /* AuthService.swift */; };
		FDCC4D827BEDCB18EA019FAE /* Pods_VKAppNews.framework in Frameworks */ = {isa = PBXBuildFile; fileRef = 548560A42BB965A9CBFE9B04 /* Pods_VKAppNews.framework */; };
/* End PBXBuildFile section */

/* Begin PBXFileReference section */
		223446DA35830CA83DAB998E /* Pods-VKAppNews.release.xcconfig */ = {isa = PBXFileReference; includeInIndex = 1; lastKnownFileType = text.xcconfig; name = "Pods-VKAppNews.release.xcconfig"; path = "Target Support Files/Pods-VKAppNews/Pods-VKAppNews.release.xcconfig"; sourceTree = "<group>"; };
		548560A42BB965A9CBFE9B04 /* Pods_VKAppNews.framework */ = {isa = PBXFileReference; explicitFileType = wrapper.framework; includeInIndex = 0; path = Pods_VKAppNews.framework; sourceTree = BUILT_PRODUCTS_DIR; };
		5A38FF4627F33C3B0033CAEA /* WebImageView.swift */ = {isa = PBXFileReference; lastKnownFileType = sourcecode.swift; path = WebImageView.swift; sourceTree = "<group>"; };
		5A7AE76F27ECD5860098D462 /* AuthViewController.storyboard */ = {isa = PBXFileReference; lastKnownFileType = file.storyboard; path = AuthViewController.storyboard; sourceTree = "<group>"; };
		5A7AE77727EDD1890098D462 /* NetworkService.swift */ = {isa = PBXFileReference; lastKnownFileType = sourcecode.swift; path = NetworkService.swift; sourceTree = "<group>"; };
		5A7AE77927EDD2710098D462 /* API.swift */ = {isa = PBXFileReference; lastKnownFileType = sourcecode.swift; path = API.swift; sourceTree = "<group>"; };
		5A7AE77C27EDFD440098D462 /* FeedResponse.swift */ = {isa = PBXFileReference; lastKnownFileType = sourcecode.swift; path = FeedResponse.swift; sourceTree = "<group>"; };
		5A7AE77E27EE0FBB0098D462 /* NetworkDataFetcher.swift */ = {isa = PBXFileReference; lastKnownFileType = sourcecode.swift; path = NetworkDataFetcher.swift; sourceTree = "<group>"; };
		5A7AE78127EF56B50098D462 /* NewsfeedPresenter.swift */ = {isa = PBXFileReference; lastKnownFileType = sourcecode.swift; path = NewsfeedPresenter.swift; sourceTree = "<group>"; };
		5A7AE78227EF56B50098D462 /* NewsfeedWorker.swift */ = {isa = PBXFileReference; lastKnownFileType = sourcecode.swift; path = NewsfeedWorker.swift; sourceTree = "<group>"; };
		5A7AE78327EF56B50098D462 /* NewsfeedRouter.swift */ = {isa = PBXFileReference; lastKnownFileType = sourcecode.swift; path = NewsfeedRouter.swift; sourceTree = "<group>"; };
		5A7AE78427EF56B50098D462 /* NewsfeedModels.swift */ = {isa = PBXFileReference; lastKnownFileType = sourcecode.swift; path = NewsfeedModels.swift; sourceTree = "<group>"; };
		5A7AE78527EF56B50098D462 /* NewsfeedViewController.swift */ = {isa = PBXFileReference; lastKnownFileType = sourcecode.swift; path = NewsfeedViewController.swift; sourceTree = "<group>"; };
		5A7AE78627EF56B50098D462 /* NewsfeedInteractor.swift */ = {isa = PBXFileReference; lastKnownFileType = sourcecode.swift; path = NewsfeedInteractor.swift; sourceTree = "<group>"; };
		5A7AE78F27EF5CF10098D462 /* NewsfeedViewController.storyboard */ = {isa = PBXFileReference; lastKnownFileType = file.storyboard; path = NewsfeedViewController.storyboard; sourceTree = "<group>"; };
		5A7AE79227F224690098D462 /* NewsfeedCell.swift */ = {isa = PBXFileReference; lastKnownFileType = sourcecode.swift; path = NewsfeedCell.swift; sourceTree = "<group>"; };
		5A7AE79427F224BA0098D462 /* NewsfeedCell.xib */ = {isa = PBXFileReference; lastKnownFileType = file.xib; path = NewsfeedCell.xib; sourceTree = "<group>"; };
		5AA8B33027F723A000B851F3 /* NewsfeedCellLayoutCalculator.swift */ = {isa = PBXFileReference; lastKnownFileType = sourcecode.swift; path = NewsfeedCellLayoutCalculator.swift; sourceTree = "<group>"; };
		5AF2396227ECAEAE00949896 /* VKAppNews.app */ = {isa = PBXFileReference; explicitFileType = wrapper.application; includeInIndex = 0; path = VKAppNews.app; sourceTree = BUILT_PRODUCTS_DIR; };
		5AF2396527ECAEAE00949896 /* AppDelegate.swift */ = {isa = PBXFileReference; lastKnownFileType = sourcecode.swift; path = AppDelegate.swift; sourceTree = "<group>"; };
		5AF2396727ECAEAE00949896 /* SceneDelegate.swift */ = {isa = PBXFileReference; lastKnownFileType = sourcecode.swift; path = SceneDelegate.swift; sourceTree = "<group>"; };
		5AF2396927ECAEAE00949896 /* AuthViewController.swift */ = {isa = PBXFileReference; lastKnownFileType = sourcecode.swift; path = AuthViewController.swift; sourceTree = "<group>"; };
		5AF2396E27ECAEB000949896 /* Assets.xcassets */ = {isa = PBXFileReference; lastKnownFileType = folder.assetcatalog; path = Assets.xcassets; sourceTree = "<group>"; };
		5AF2397127ECAEB000949896 /* Base */ = {isa = PBXFileReference; lastKnownFileType = file.storyboard; name = Base; path = Base.lproj/LaunchScreen.storyboard; sourceTree = "<group>"; };
		5AF2397327ECAEB000949896 /* Info.plist */ = {isa = PBXFileReference; lastKnownFileType = text.plist.xml; path = Info.plist; sourceTree = "<group>"; };
		5AF2397927ECD31C00949896 /* AuthService.swift */ = {isa = PBXFileReference; lastKnownFileType = sourcecode.swift; path = AuthService.swift; sourceTree = "<group>"; };
		F186C4C6B380881EEE745C6F /* Pods-VKAppNews.debug.xcconfig */ = {isa = PBXFileReference; includeInIndex = 1; lastKnownFileType = text.xcconfig; name = "Pods-VKAppNews.debug.xcconfig"; path = "Target Support Files/Pods-VKAppNews/Pods-VKAppNews.debug.xcconfig"; sourceTree = "<group>"; };
/* End PBXFileReference section */

/* Begin PBXFrameworksBuildPhase section */
		5AF2395F27ECAEAE00949896 /* Frameworks */ = {
			isa = PBXFrameworksBuildPhase;
			buildActionMask = 2147483647;
			files = (
				FDCC4D827BEDCB18EA019FAE /* Pods_VKAppNews.framework in Frameworks */,
			);
			runOnlyForDeploymentPostprocessing = 0;
		};
/* End PBXFrameworksBuildPhase section */

/* Begin PBXGroup section */
		0556B26C511EB3B500D6E547 /* Frameworks */ = {
			isa = PBXGroup;
			children = (
				548560A42BB965A9CBFE9B04 /* Pods_VKAppNews.framework */,
			);
			name = Frameworks;
			sourceTree = "<group>";
		};
		5A38FF4527F33C100033CAEA /* Helpers */ = {
			isa = PBXGroup;
			children = (
				5A38FF4627F33C3B0033CAEA /* WebImageView.swift */,
			);
			path = Helpers;
			sourceTree = "<group>";
		};
		5A7AE77627ED15DA0098D462 /* Auth */ = {
			isa = PBXGroup;
			children = (
				5AF2396927ECAEAE00949896 /* AuthViewController.swift */,
				5A7AE76F27ECD5860098D462 /* AuthViewController.storyboard */,
			);
			path = Auth;
			sourceTree = "<group>";
		};
		5A7AE77B27EDFD2E0098D462 /* Models */ = {
			isa = PBXGroup;
			children = (
				5A7AE77C27EDFD440098D462 /* FeedResponse.swift */,
			);
			path = Models;
			sourceTree = "<group>";
		};
		5A7AE78027EF565F0098D462 /* NewsFeed */ = {
			isa = PBXGroup;
			children = (
				5A7AE79127F2244C0098D462 /* Cell */,
				5A7AE78F27EF5CF10098D462 /* NewsfeedViewController.storyboard */,
				5A7AE78527EF56B50098D462 /* NewsfeedViewController.swift */,
				5A7AE78627EF56B50098D462 /* NewsfeedInteractor.swift */,
				5A7AE78127EF56B50098D462 /* NewsfeedPresenter.swift */,
				5A7AE78427EF56B50098D462 /* NewsfeedModels.swift */,
				5A7AE78227EF56B50098D462 /* NewsfeedWorker.swift */,
				5A7AE78327EF56B50098D462 /* NewsfeedRouter.swift */,
			);
			path = NewsFeed;
			sourceTree = "<group>";
		};
		5A7AE79127F2244C0098D462 /* Cell */ = {
			isa = PBXGroup;
			children = (
				5A7AE79227F224690098D462 /* NewsfeedCell.swift */,
				5AA8B33027F723A000B851F3 /* NewsfeedCellLayoutCalculator.swift */,
				5A7AE79427F224BA0098D462 /* NewsfeedCell.xib */,
			);
			path = Cell;
			sourceTree = "<group>";
		};
		5AF2395927ECAEAE00949896 = {
			isa = PBXGroup;
			children = (
				5AF2396427ECAEAE00949896 /* VKAppNews */,
				5AF2396327ECAEAE00949896 /* Products */,
				968D7670A34C6CFA3784DDDF /* Pods */,
				0556B26C511EB3B500D6E547 /* Frameworks */,
			);
			sourceTree = "<group>";
		};
		5AF2396327ECAEAE00949896 /* Products */ = {
			isa = PBXGroup;
			children = (
				5AF2396227ECAEAE00949896 /* VKAppNews.app */,
			);
			name = Products;
			sourceTree = "<group>";
		};
		5AF2396427ECAEAE00949896 /* VKAppNews */ = {
			isa = PBXGroup;
			children = (
				5AF2396527ECAEAE00949896 /* AppDelegate.swift */,
				5AF2396727ECAEAE00949896 /* SceneDelegate.swift */,
				5AF2397C27ECD32700949896 /* Services */,
				5A7AE77627ED15DA0098D462 /* Auth */,
				5A7AE78027EF565F0098D462 /* NewsFeed */,
				5A38FF4527F33C100033CAEA /* Helpers */,
				5AF2396E27ECAEB000949896 /* Assets.xcassets */,
				5AF2397027ECAEB000949896 /* LaunchScreen.storyboard */,
				5AF2397327ECAEB000949896 /* Info.plist */,
			);
			path = VKAppNews;
			sourceTree = "<group>";
		};
		5AF2397C27ECD32700949896 /* Services */ = {
			isa = PBXGroup;
			children = (
				5A7AE77B27EDFD2E0098D462 /* Models */,
				5AF2397927ECD31C00949896 /* AuthService.swift */,
				5A7AE77727EDD1890098D462 /* NetworkService.swift */,
				5A7AE77927EDD2710098D462 /* API.swift */,
				5A7AE77E27EE0FBB0098D462 /* NetworkDataFetcher.swift */,
			);
			path = Services;
			sourceTree = "<group>";
		};
		968D7670A34C6CFA3784DDDF /* Pods */ = {
			isa = PBXGroup;
			children = (
				F186C4C6B380881EEE745C6F /* Pods-VKAppNews.debug.xcconfig */,
				223446DA35830CA83DAB998E /* Pods-VKAppNews.release.xcconfig */,
			);
			path = Pods;
			sourceTree = "<group>";
		};
/* End PBXGroup section */

/* Begin PBXNativeTarget section */
		5AF2396127ECAEAE00949896 /* VKAppNews */ = {
			isa = PBXNativeTarget;
			buildConfigurationList = 5AF2397627ECAEB000949896 /* Build configuration list for PBXNativeTarget "VKAppNews" */;
			buildPhases = (
				A475B9D0E7CA8899F3ED1A87 /* [CP] Check Pods Manifest.lock */,
				5AF2395E27ECAEAE00949896 /* Sources */,
				5AF2395F27ECAEAE00949896 /* Frameworks */,
				5AF2396027ECAEAE00949896 /* Resources */,
				CF5534E2691EF1DF76FFA0F8 /* [CP] Embed Pods Frameworks */,
			);
			buildRules = (
			);
			dependencies = (
			);
			name = VKAppNews;
			productName = VKAppNews;
			productReference = 5AF2396227ECAEAE00949896 /* VKAppNews.app */;
			productType = "com.apple.product-type.application";
		};
/* End PBXNativeTarget section */

/* Begin PBXProject section */
		5AF2395A27ECAEAE00949896 /* Project object */ = {
			isa = PBXProject;
			attributes = {
				BuildIndependentTargetsInParallel = 1;
				LastSwiftUpdateCheck = 1310;
				LastUpgradeCheck = 1310;
				TargetAttributes = {
					5AF2396127ECAEAE00949896 = {
						CreatedOnToolsVersion = 13.1;
					};
				};
			};
			buildConfigurationList = 5AF2395D27ECAEAE00949896 /* Build configuration list for PBXProject "VKAppNews" */;
			compatibilityVersion = "Xcode 13.0";
			developmentRegion = en;
			hasScannedForEncodings = 0;
			knownRegions = (
				en,
				Base,
			);
			mainGroup = 5AF2395927ECAEAE00949896;
			productRefGroup = 5AF2396327ECAEAE00949896 /* Products */;
			projectDirPath = "";
			projectRoot = "";
			targets = (
				5AF2396127ECAEAE00949896 /* VKAppNews */,
			);
		};
/* End PBXProject section */

/* Begin PBXResourcesBuildPhase section */
		5AF2396027ECAEAE00949896 /* Resources */ = {
			isa = PBXResourcesBuildPhase;
			buildActionMask = 2147483647;
			files = (
				5AF2397227ECAEB000949896 /* LaunchScreen.storyboard in Resources */,
				5A7AE77027ECD5860098D462 /* AuthViewController.storyboard in Resources */,
				5A7AE79027EF5CF10098D462 /* NewsfeedViewController.storyboard in Resources */,
				5AF2396F27ECAEB000949896 /* Assets.xcassets in Resources */,
				5A7AE79527F224BA0098D462 /* NewsfeedCell.xib in Resources */,
			);
			runOnlyForDeploymentPostprocessing = 0;
		};
/* End PBXResourcesBuildPhase section */

/* Begin PBXShellScriptBuildPhase section */
		A475B9D0E7CA8899F3ED1A87 /* [CP] Check Pods Manifest.lock */ = {
			isa = PBXShellScriptBuildPhase;
			buildActionMask = 2147483647;
			files = (
			);
			inputFileListPaths = (
			);
			inputPaths = (
				"${PODS_PODFILE_DIR_PATH}/Podfile.lock",
				"${PODS_ROOT}/Manifest.lock",
			);
			name = "[CP] Check Pods Manifest.lock";
			outputFileListPaths = (
			);
			outputPaths = (
				"$(DERIVED_FILE_DIR)/Pods-VKAppNews-checkManifestLockResult.txt",
			);
			runOnlyForDeploymentPostprocessing = 0;
			shellPath = /bin/sh;
			shellScript = "diff \"${PODS_PODFILE_DIR_PATH}/Podfile.lock\" \"${PODS_ROOT}/Manifest.lock\" > /dev/null\nif [ $? != 0 ] ; then\n    # print error to STDERR\n    echo \"error: The sandbox is not in sync with the Podfile.lock. Run 'pod install' or update your CocoaPods installation.\" >&2\n    exit 1\nfi\n# This output is used by Xcode 'outputs' to avoid re-running this script phase.\necho \"SUCCESS\" > \"${SCRIPT_OUTPUT_FILE_0}\"\n";
			showEnvVarsInLog = 0;
		};
		CF5534E2691EF1DF76FFA0F8 /* [CP] Embed Pods Frameworks */ = {
			isa = PBXShellScriptBuildPhase;
			buildActionMask = 2147483647;
			files = (
			);
			inputFileListPaths = (
				"${PODS_ROOT}/Target Support Files/Pods-VKAppNews/Pods-VKAppNews-frameworks-${CONFIGURATION}-input-files.xcfilelist",
			);
			name = "[CP] Embed Pods Frameworks";
			outputFileListPaths = (
				"${PODS_ROOT}/Target Support Files/Pods-VKAppNews/Pods-VKAppNews-frameworks-${CONFIGURATION}-output-files.xcfilelist",
			);
			runOnlyForDeploymentPostprocessing = 0;
			shellPath = /bin/sh;
			shellScript = "\"${PODS_ROOT}/Target Support Files/Pods-VKAppNews/Pods-VKAppNews-frameworks.sh\"\n";
			showEnvVarsInLog = 0;
		};
/* End PBXShellScriptBuildPhase section */

/* Begin PBXSourcesBuildPhase section */
		5AF2395E27ECAEAE00949896 /* Sources */ = {
			isa = PBXSourcesBuildPhase;
			buildActionMask = 2147483647;
			files = (
				5A7AE77D27EDFD440098D462 /* FeedResponse.swift in Sources */,
				5A7AE78C27EF56B50098D462 /* NewsfeedViewController.swift in Sources */,
				5AF2396A27ECAEAE00949896 /* AuthViewController.swift in Sources */,
				5AF2396627ECAEAE00949896 /* AppDelegate.swift in Sources */,
				5A7AE78827EF56B50098D462 /* NewsfeedPresenter.swift in Sources */,
				5A7AE78A27EF56B50098D462 /* NewsfeedRouter.swift in Sources */,
				5AF2396827ECAEAE00949896 /* SceneDelegate.swift in Sources */,
				5A7AE77827EDD1890098D462 /* NetworkService.swift in Sources */,
				5A7AE78B27EF56B50098D462 /* NewsfeedModels.swift in Sources */,
				5AA8B33127F723A000B851F3 /* NewsfeedCellLayoutCalculator.swift in Sources */,
				5A38FF4727F33C3B0033CAEA /* WebImageView.swift in Sources */,
				5A7AE77F27EE0FBB0098D462 /* NetworkDataFetcher.swift in Sources */,
				5A7AE78927EF56B50098D462 /* NewsfeedWorker.swift in Sources */,
				5AF2397A27ECD31C00949896 /* AuthService.swift in Sources */,
				5A7AE77A27EDD2710098D462 /* API.swift in Sources */,
				5A7AE79327F224690098D462 /* NewsfeedCell.swift in Sources */,
				5A7AE78D27EF56B50098D462 /* NewsfeedInteractor.swift in Sources */,
			);
			runOnlyForDeploymentPostprocessing = 0;
		};
/* End PBXSourcesBuildPhase section */

/* Begin PBXVariantGroup section */
		5AF2397027ECAEB000949896 /* LaunchScreen.storyboard */ = {
			isa = PBXVariantGroup;
			children = (
				5AF2397127ECAEB000949896 /* Base */,
			);
			name = LaunchScreen.storyboard;
			sourceTree = "<group>";
		};
/* End PBXVariantGroup section */

/* Begin XCBuildConfiguration section */
		5AF2397427ECAEB000949896 /* Debug */ = {
			isa = XCBuildConfiguration;
			buildSettings = {
				ALWAYS_SEARCH_USER_PATHS = NO;
				CLANG_ANALYZER_NONNULL = YES;
				CLANG_ANALYZER_NUMBER_OBJECT_CONVERSION = YES_AGGRESSIVE;
				CLANG_CXX_LANGUAGE_STANDARD = "gnu++17";
				CLANG_CXX_LIBRARY = "libc++";
				CLANG_ENABLE_MODULES = YES;
				CLANG_ENABLE_OBJC_ARC = YES;
				CLANG_ENABLE_OBJC_WEAK = YES;
				CLANG_WARN_BLOCK_CAPTURE_AUTORELEASING = YES;
				CLANG_WARN_BOOL_CONVERSION = YES;
				CLANG_WARN_COMMA = YES;
				CLANG_WARN_CONSTANT_CONVERSION = YES;
				CLANG_WARN_DEPRECATED_OBJC_IMPLEMENTATIONS = YES;
				CLANG_WARN_DIRECT_OBJC_ISA_USAGE = YES_ERROR;
				CLANG_WARN_DOCUMENTATION_COMMENTS = YES;
				CLANG_WARN_EMPTY_BODY = YES;
				CLANG_WARN_ENUM_CONVERSION = YES;
				CLANG_WARN_INFINITE_RECURSION = YES;
				CLANG_WARN_INT_CONVERSION = YES;
				CLANG_WARN_NON_LITERAL_NULL_CONVERSION = YES;
				CLANG_WARN_OBJC_IMPLICIT_RETAIN_SELF = YES;
				CLANG_WARN_OBJC_LITERAL_CONVERSION = YES;
				CLANG_WARN_OBJC_ROOT_CLASS = YES_ERROR;
				CLANG_WARN_QUOTED_INCLUDE_IN_FRAMEWORK_HEADER = YES;
				CLANG_WARN_RANGE_LOOP_ANALYSIS = YES;
				CLANG_WARN_STRICT_PROTOTYPES = YES;
				CLANG_WARN_SUSPICIOUS_MOVE = YES;
				CLANG_WARN_UNGUARDED_AVAILABILITY = YES_AGGRESSIVE;
				CLANG_WARN_UNREACHABLE_CODE = YES;
				CLANG_WARN__DUPLICATE_METHOD_MATCH = YES;
				COPY_PHASE_STRIP = NO;
				DEBUG_INFORMATION_FORMAT = dwarf;
				ENABLE_STRICT_OBJC_MSGSEND = YES;
				ENABLE_TESTABILITY = YES;
				GCC_C_LANGUAGE_STANDARD = gnu11;
				GCC_DYNAMIC_NO_PIC = NO;
				GCC_NO_COMMON_BLOCKS = YES;
				GCC_OPTIMIZATION_LEVEL = 0;
				GCC_PREPROCESSOR_DEFINITIONS = (
					"DEBUG=1",
					"$(inherited)",
				);
				GCC_WARN_64_TO_32_BIT_CONVERSION = YES;
				GCC_WARN_ABOUT_RETURN_TYPE = YES_ERROR;
				GCC_WARN_UNDECLARED_SELECTOR = YES;
				GCC_WARN_UNINITIALIZED_AUTOS = YES_AGGRESSIVE;
				GCC_WARN_UNUSED_FUNCTION = YES;
				GCC_WARN_UNUSED_VARIABLE = YES;
				IPHONEOS_DEPLOYMENT_TARGET = 15.0;
				MTL_ENABLE_DEBUG_INFO = INCLUDE_SOURCE;
				MTL_FAST_MATH = YES;
				ONLY_ACTIVE_ARCH = YES;
				SDKROOT = iphoneos;
				SWIFT_ACTIVE_COMPILATION_CONDITIONS = DEBUG;
				SWIFT_OPTIMIZATION_LEVEL = "-Onone";
			};
			name = Debug;
		};
		5AF2397527ECAEB000949896 /* Release */ = {
			isa = XCBuildConfiguration;
			buildSettings = {
				ALWAYS_SEARCH_USER_PATHS = NO;
				CLANG_ANALYZER_NONNULL = YES;
				CLANG_ANALYZER_NUMBER_OBJECT_CONVERSION = YES_AGGRESSIVE;
				CLANG_CXX_LANGUAGE_STANDARD = "gnu++17";
				CLANG_CXX_LIBRARY = "libc++";
				CLANG_ENABLE_MODULES = YES;
				CLANG_ENABLE_OBJC_ARC = YES;
				CLANG_ENABLE_OBJC_WEAK = YES;
				CLANG_WARN_BLOCK_CAPTURE_AUTORELEASING = YES;
				CLANG_WARN_BOOL_CONVERSION = YES;
				CLANG_WARN_COMMA = YES;
				CLANG_WARN_CONSTANT_CONVERSION = YES;
				CLANG_WARN_DEPRECATED_OBJC_IMPLEMENTATIONS = YES;
				CLANG_WARN_DIRECT_OBJC_ISA_USAGE = YES_ERROR;
				CLANG_WARN_DOCUMENTATION_COMMENTS = YES;
				CLANG_WARN_EMPTY_BODY = YES;
				CLANG_WARN_ENUM_CONVERSION = YES;
				CLANG_WARN_INFINITE_RECURSION = YES;
				CLANG_WARN_INT_CONVERSION = YES;
				CLANG_WARN_NON_LITERAL_NULL_CONVERSION = YES;
				CLANG_WARN_OBJC_IMPLICIT_RETAIN_SELF = YES;
				CLANG_WARN_OBJC_LITERAL_CONVERSION = YES;
				CLANG_WARN_OBJC_ROOT_CLASS = YES_ERROR;
				CLANG_WARN_QUOTED_INCLUDE_IN_FRAMEWORK_HEADER = YES;
				CLANG_WARN_RANGE_LOOP_ANALYSIS = YES;
				CLANG_WARN_STRICT_PROTOTYPES = YES;
				CLANG_WARN_SUSPICIOUS_MOVE = YES;
				CLANG_WARN_UNGUARDED_AVAILABILITY = YES_AGGRESSIVE;
				CLANG_WARN_UNREACHABLE_CODE = YES;
				CLANG_WARN__DUPLICATE_METHOD_MATCH = YES;
				COPY_PHASE_STRIP = NO;
				DEBUG_INFORMATION_FORMAT = "dwarf-with-dsym";
				ENABLE_NS_ASSERTIONS = NO;
				ENABLE_STRICT_OBJC_MSGSEND = YES;
				GCC_C_LANGUAGE_STANDARD = gnu11;
				GCC_NO_COMMON_BLOCKS = YES;
				GCC_WARN_64_TO_32_BIT_CONVERSION = YES;
				GCC_WARN_ABOUT_RETURN_TYPE = YES_ERROR;
				GCC_WARN_UNDECLARED_SELECTOR = YES;
				GCC_WARN_UNINITIALIZED_AUTOS = YES_AGGRESSIVE;
				GCC_WARN_UNUSED_FUNCTION = YES;
				GCC_WARN_UNUSED_VARIABLE = YES;
				IPHONEOS_DEPLOYMENT_TARGET = 15.0;
				MTL_ENABLE_DEBUG_INFO = NO;
				MTL_FAST_MATH = YES;
				SDKROOT = iphoneos;
				SWIFT_COMPILATION_MODE = wholemodule;
				SWIFT_OPTIMIZATION_LEVEL = "-O";
				VALIDATE_PRODUCT = YES;
			};
			name = Release;
		};
		5AF2397727ECAEB000949896 /* Debug */ = {
			isa = XCBuildConfiguration;
			baseConfigurationReference = F186C4C6B380881EEE745C6F /* Pods-VKAppNews.debug.xcconfig */;
			buildSettings = {
				ASSETCATALOG_COMPILER_APPICON_NAME = AppIcon;
				ASSETCATALOG_COMPILER_GLOBAL_ACCENT_COLOR_NAME = AccentColor;
				CODE_SIGN_STYLE = Automatic;
				CURRENT_PROJECT_VERSION = 1;
				DEVELOPMENT_TEAM = 5H5DH92248;
				GENERATE_INFOPLIST_FILE = YES;
				INFOPLIST_FILE = VKAppNews/Info.plist;
				INFOPLIST_KEY_UIApplicationSupportsIndirectInputEvents = YES;
				INFOPLIST_KEY_UILaunchStoryboardName = LaunchScreen;
				INFOPLIST_KEY_UISupportedInterfaceOrientations_iPad = "UIInterfaceOrientationPortrait UIInterfaceOrientationPortraitUpsideDown UIInterfaceOrientationLandscapeLeft UIInterfaceOrientationLandscapeRight";
				INFOPLIST_KEY_UISupportedInterfaceOrientations_iPhone = "UIInterfaceOrientationPortrait UIInterfaceOrientationLandscapeLeft UIInterfaceOrientationLandscapeRight";
				LD_RUNPATH_SEARCH_PATHS = (
					"$(inherited)",
					"@executable_path/Frameworks",
				);
				MARKETING_VERSION = 1.0;
				PRODUCT_BUNDLE_IDENTIFIER = com.maxpavlov.VKAppNews;
				PRODUCT_NAME = "$(TARGET_NAME)";
				SWIFT_EMIT_LOC_STRINGS = YES;
				SWIFT_VERSION = 5.0;
				TARGETED_DEVICE_FAMILY = "1,2";
			};
			name = Debug;
		};
		5AF2397827ECAEB000949896 /* Release */ = {
			isa = XCBuildConfiguration;
			baseConfigurationReference = 223446DA35830CA83DAB998E /* Pods-VKAppNews.release.xcconfig */;
			buildSettings = {
				ASSETCATALOG_COMPILER_APPICON_NAME = AppIcon;
				ASSETCATALOG_COMPILER_GLOBAL_ACCENT_COLOR_NAME = AccentColor;
				CODE_SIGN_STYLE = Automatic;
				CURRENT_PROJECT_VERSION = 1;
				DEVELOPMENT_TEAM = 5H5DH92248;
				GENERATE_INFOPLIST_FILE = YES;
				INFOPLIST_FILE = VKAppNews/Info.plist;
				INFOPLIST_KEY_UIApplicationSupportsIndirectInputEvents = YES;
				INFOPLIST_KEY_UILaunchStoryboardName = LaunchScreen;
				INFOPLIST_KEY_UISupportedInterfaceOrientations_iPad = "UIInterfaceOrientationPortrait UIInterfaceOrientationPortraitUpsideDown UIInterfaceOrientationLandscapeLeft UIInterfaceOrientationLandscapeRight";
				INFOPLIST_KEY_UISupportedInterfaceOrientations_iPhone = "UIInterfaceOrientationPortrait UIInterfaceOrientationLandscapeLeft UIInterfaceOrientationLandscapeRight";
				LD_RUNPATH_SEARCH_PATHS = (
					"$(inherited)",
					"@executable_path/Frameworks",
				);
				MARKETING_VERSION = 1.0;
				PRODUCT_BUNDLE_IDENTIFIER = com.maxpavlov.VKAppNews;
				PRODUCT_NAME = "$(TARGET_NAME)";
				SWIFT_EMIT_LOC_STRINGS = YES;
				SWIFT_VERSION = 5.0;
				TARGETED_DEVICE_FAMILY = "1,2";
			};
			name = Release;
		};
/* End XCBuildConfiguration section */

/* Begin XCConfigurationList section */
		5AF2395D27ECAEAE00949896 /* Build configuration list for PBXProject "VKAppNews" */ = {
			isa = XCConfigurationList;
			buildConfigurations = (
				5AF2397427ECAEB000949896 /* Debug */,
				5AF2397527ECAEB000949896 /* Release */,
			);
			defaultConfigurationIsVisible = 0;
			defaultConfigurationName = Release;
		};
		5AF2397627ECAEB000949896 /* Build configuration list for PBXNativeTarget "VKAppNews" */ = {
			isa = XCConfigurationList;
			buildConfigurations = (
				5AF2397727ECAEB000949896 /* Debug */,
				5AF2397827ECAEB000949896 /* Release */,
			);
			defaultConfigurationIsVisible = 0;
			defaultConfigurationName = Release;
		};
/* End XCConfigurationList section */
	};
	rootObject = 5AF2395A27ECAEAE00949896 /* Project object */;
}
